// !$*UTF8*$!
{
	archiveVersion = 1;
	classes = {
	};
	objectVersion = 48;
	objects = {

/* Begin PBXBuildFile section */
		250FF56420683094000C582D /* AppDelegate.swift in Sources */ = {isa = PBXBuildFile; fileRef = 250FF56320683094000C582D /* AppDelegate.swift */; };
		250FF56620683094000C582D /* OwlTableViewController.swift in Sources */ = {isa = PBXBuildFile; fileRef = 250FF56520683094000C582D /* OwlTableViewController.swift */; };
		250FF56820683094000C582D /* OwlDetailViewController.swift in Sources */ = {isa = PBXBuildFile; fileRef = 250FF56720683094000C582D /* OwlDetailViewController.swift */; };
		250FF56B20683094000C582D /* Main.storyboard in Resources */ = {isa = PBXBuildFile; fileRef = 250FF56920683094000C582D /* Main.storyboard */; };
		250FF57020683094000C582D /* LaunchScreen.storyboard in Resources */ = {isa = PBXBuildFile; fileRef = 250FF56E20683094000C582D /* LaunchScreen.storyboard */; };
		2559A1A720688BA000BB963C /* lowlCore.framework in Frameworks */ = {isa = PBXBuildFile; fileRef = 2559A19E20688BA000BB963C /* lowlCore.framework */; };
		2559A1AE20688BA000BB963C /* lowlCoreTests.swift in Sources */ = {isa = PBXBuildFile; fileRef = 2559A1AD20688BA000BB963C /* lowlCoreTests.swift */; };
		2559A1B020688BA000BB963C /* lowlCore.h in Headers */ = {isa = PBXBuildFile; fileRef = 2559A1A020688BA000BB963C /* lowlCore.h */; settings = {ATTRIBUTES = (Public, ); }; };
		2559A1BC20688BAF00BB963C /* BirthdayDateFormatter.swift in Sources */ = {isa = PBXBuildFile; fileRef = 2559A19720688B4F00BB963C /* BirthdayDateFormatter.swift */; };
		2559A1BD20688BB300BB963C /* OwlModel.swift in Sources */ = {isa = PBXBuildFile; fileRef = 25AF7A6C2068447A00149AAB /* OwlModel.swift */; };
		2559A1BE20688BB700BB963C /* OwlImageIdentifier.swift in Sources */ = {isa = PBXBuildFile; fileRef = 25AF7A6E2068449500149AAB /* OwlImageIdentifier.swift */; };
		2559A1C02068909600BB963C /* IOwlDataSource.swift in Sources */ = {isa = PBXBuildFile; fileRef = 2559A1BF2068909600BB963C /* IOwlDataSource.swift */; };
		25D4E22420689F8C00A33E67 /* lowlShared.h in Headers */ = {isa = PBXBuildFile; fileRef = 25D4E22220689F8C00A33E67 /* lowlShared.h */; settings = {ATTRIBUTES = (Public, ); }; };
		25D4E22720689F8C00A33E67 /* lowlShared.framework in Frameworks */ = {isa = PBXBuildFile; fileRef = 25D4E22020689F8C00A33E67 /* lowlShared.framework */; };
		25D4E22820689F8C00A33E67 /* lowlShared.framework in Embed Frameworks */ = {isa = PBXBuildFile; fileRef = 25D4E22020689F8C00A33E67 /* lowlShared.framework */; settings = {ATTRIBUTES = (CodeSignOnCopy, RemoveHeadersOnCopy, ); }; };
		25D4E22C20689F9700A33E67 /* PrimarySplitViewController.swift in Sources */ = {isa = PBXBuildFile; fileRef = 250FF58520683C97000C582D /* PrimarySplitViewController.swift */; };
		25D4E22D20689FE200A33E67 /* OwlImageIdentifierExtensions.swift in Sources */ = {isa = PBXBuildFile; fileRef = 2599D05E20685A0B00E7B45A /* OwlImageIdentifierExtensions.swift */; };
		25D4E22F2068A04000A33E67 /* lowlCore.framework in Frameworks */ = {isa = PBXBuildFile; fileRef = 2559A19E20688BA000BB963C /* lowlCore.framework */; };
		25D4E2302068A0B000A33E67 /* OwlDataSource.swift in Sources */ = {isa = PBXBuildFile; fileRef = 2559A1942068600E00BB963C /* OwlDataSource.swift */; };
		25D4E2322068A1AD00A33E67 /* OwlImages.xcassets in Resources */ = {isa = PBXBuildFile; fileRef = 25D4E2312068A1AD00A33E67 /* OwlImages.xcassets */; };
		25D4E2342068A25200A33E67 /* AppIcon.xcassets in Resources */ = {isa = PBXBuildFile; fileRef = 25D4E2332068A25200A33E67 /* AppIcon.xcassets */; };
		25D4E2352068A33D00A33E67 /* OwlImages.xcassets in Resources */ = {isa = PBXBuildFile; fileRef = 25D4E2312068A1AD00A33E67 /* OwlImages.xcassets */; };
		25D4E23D2068A46A00A33E67 /* AppDelegate.swift in Sources */ = {isa = PBXBuildFile; fileRef = 25D4E23C2068A46A00A33E67 /* AppDelegate.swift */; };
		25D4E23F2068A46A00A33E67 /* MasterViewController.swift in Sources */ = {isa = PBXBuildFile; fileRef = 25D4E23E2068A46A00A33E67 /* MasterViewController.swift */; };
		25D4E2412068A46A00A33E67 /* DetailViewController.swift in Sources */ = {isa = PBXBuildFile; fileRef = 25D4E2402068A46A00A33E67 /* DetailViewController.swift */; };
		25D4E2442068A46A00A33E67 /* Main.storyboard in Resources */ = {isa = PBXBuildFile; fileRef = 25D4E2422068A46A00A33E67 /* Main.storyboard */; };
		25D4E2462068A46A00A33E67 /* Assets.xcassets in Resources */ = {isa = PBXBuildFile; fileRef = 25D4E2452068A46A00A33E67 /* Assets.xcassets */; };
		25D4E2492068A46A00A33E67 /* LaunchScreen.storyboard in Resources */ = {isa = PBXBuildFile; fileRef = 25D4E2472068A46A00A33E67 /* LaunchScreen.storyboard */; };
		25D4E2542068A46B00A33E67 /* lowlMVVMTests.swift in Sources */ = {isa = PBXBuildFile; fileRef = 25D4E2532068A46B00A33E67 /* lowlMVVMTests.swift */; };
		25D4E25C2068A6F200A33E67 /* OwlImages.xcassets in Resources */ = {isa = PBXBuildFile; fileRef = 25D4E2312068A1AD00A33E67 /* OwlImages.xcassets */; };
		25D4E2642068AD2700A33E67 /* AppDelegate.swift in Sources */ = {isa = PBXBuildFile; fileRef = 25D4E2632068AD2700A33E67 /* AppDelegate.swift */; };
		25D4E2662068AD2700A33E67 /* MasterViewController.swift in Sources */ = {isa = PBXBuildFile; fileRef = 25D4E2652068AD2700A33E67 /* MasterViewController.swift */; };
		25D4E2682068AD2700A33E67 /* DetailViewController.swift in Sources */ = {isa = PBXBuildFile; fileRef = 25D4E2672068AD2700A33E67 /* DetailViewController.swift */; };
		25D4E26B2068AD2700A33E67 /* Main.storyboard in Resources */ = {isa = PBXBuildFile; fileRef = 25D4E2692068AD2700A33E67 /* Main.storyboard */; };
		25D4E26D2068AD2700A33E67 /* Assets.xcassets in Resources */ = {isa = PBXBuildFile; fileRef = 25D4E26C2068AD2700A33E67 /* Assets.xcassets */; };
		25D4E2702068AD2700A33E67 /* LaunchScreen.storyboard in Resources */ = {isa = PBXBuildFile; fileRef = 25D4E26E2068AD2700A33E67 /* LaunchScreen.storyboard */; };
		25D4E2832068AD5000A33E67 /* OwlImages.xcassets in Resources */ = {isa = PBXBuildFile; fileRef = 25D4E2312068A1AD00A33E67 /* OwlImages.xcassets */; };
		25D4E2842068B18700A33E67 /* lowlShared.framework in Frameworks */ = {isa = PBXBuildFile; fileRef = 25D4E22020689F8C00A33E67 /* lowlShared.framework */; };
		25D4E2852068B18700A33E67 /* lowlShared.framework in Embed Frameworks */ = {isa = PBXBuildFile; fileRef = 25D4E22020689F8C00A33E67 /* lowlShared.framework */; settings = {ATTRIBUTES = (CodeSignOnCopy, RemoveHeadersOnCopy, ); }; };
		25D4E2892068B18D00A33E67 /* lowlShared.framework in Frameworks */ = {isa = PBXBuildFile; fileRef = 25D4E22020689F8C00A33E67 /* lowlShared.framework */; };
		25D4E28A2068B18D00A33E67 /* lowlShared.framework in Embed Frameworks */ = {isa = PBXBuildFile; fileRef = 25D4E22020689F8C00A33E67 /* lowlShared.framework */; settings = {ATTRIBUTES = (CodeSignOnCopy, RemoveHeadersOnCopy, ); }; };
		25D4E2902068B71F00A33E67 /* Observable.swift in Sources */ = {isa = PBXBuildFile; fileRef = 25D4E28F2068B71F00A33E67 /* Observable.swift */; };
		25D4E2912068B71F00A33E67 /* Observable.swift in Sources */ = {isa = PBXBuildFile; fileRef = 25D4E28F2068B71F00A33E67 /* Observable.swift */; };
		25D4E2962069C72E00A33E67 /* OwlDetailsViewModel.swift in Sources */ = {isa = PBXBuildFile; fileRef = 25D4E2952069C72E00A33E67 /* OwlDetailsViewModel.swift */; };
		25D4E2972069C72E00A33E67 /* OwlDetailsViewModel.swift in Sources */ = {isa = PBXBuildFile; fileRef = 25D4E2952069C72E00A33E67 /* OwlDetailsViewModel.swift */; };
		25D4E2992069D74100A33E67 /* UIBindingExtensions.swift in Sources */ = {isa = PBXBuildFile; fileRef = 25D4E2982069D74100A33E67 /* UIBindingExtensions.swift */; };
		25D4E29A2069D74100A33E67 /* UIBindingExtensions.swift in Sources */ = {isa = PBXBuildFile; fileRef = 25D4E2982069D74100A33E67 /* UIBindingExtensions.swift */; };
		25D4E29C2069ECE000A33E67 /* OwlMasterDetailViewModel.swift in Sources */ = {isa = PBXBuildFile; fileRef = 25D4E29B2069ECE000A33E67 /* OwlMasterDetailViewModel.swift */; };
		25D4E29D2069ECE000A33E67 /* OwlMasterDetailViewModel.swift in Sources */ = {isa = PBXBuildFile; fileRef = 25D4E29B2069ECE000A33E67 /* OwlMasterDetailViewModel.swift */; };
		25D4E29F2069EE2500A33E67 /* OwlMVVMMasterDetailViewController.swift in Sources */ = {isa = PBXBuildFile; fileRef = 25D4E29E2069EE2500A33E67 /* OwlMVVMMasterDetailViewController.swift */; };
		25D4E2A02069EE2500A33E67 /* OwlMVVMMasterDetailViewController.swift in Sources */ = {isa = PBXBuildFile; fileRef = 25D4E29E2069EE2500A33E67 /* OwlMVVMMasterDetailViewController.swift */; };
		25D4E2A22069F3F400A33E67 /* OwlMasterViewModel.swift in Sources */ = {isa = PBXBuildFile; fileRef = 25D4E2A12069F3F400A33E67 /* OwlMasterViewModel.swift */; };
		25D4E2A32069F3F400A33E67 /* OwlMasterViewModel.swift in Sources */ = {isa = PBXBuildFile; fileRef = 25D4E2A12069F3F400A33E67 /* OwlMasterViewModel.swift */; };
		25D4E2A5206A077800A33E67 /* Bindable.swift in Sources */ = {isa = PBXBuildFile; fileRef = 25D4E2A4206A077800A33E67 /* Bindable.swift */; };
		25D4E2A6206A077800A33E67 /* Bindable.swift in Sources */ = {isa = PBXBuildFile; fileRef = 25D4E2A4206A077800A33E67 /* Bindable.swift */; };
		25D4E2A8206A081900A33E67 /* Binding.swift in Sources */ = {isa = PBXBuildFile; fileRef = 25D4E2A7206A081900A33E67 /* Binding.swift */; };
		25D4E2A9206A081900A33E67 /* Binding.swift in Sources */ = {isa = PBXBuildFile; fileRef = 25D4E2A7206A081900A33E67 /* Binding.swift */; };
		25D4E2AB206A08C400A33E67 /* OwlTableViewCell.swift in Sources */ = {isa = PBXBuildFile; fileRef = 25D4E2AA206A08C400A33E67 /* OwlTableViewCell.swift */; };
		25D4E2AC206A08C400A33E67 /* OwlTableViewCell.swift in Sources */ = {isa = PBXBuildFile; fileRef = 25D4E2AA206A08C400A33E67 /* OwlTableViewCell.swift */; };
		25D4E2AE206A08F200A33E67 /* OwlTableViewCellViewModel.swift in Sources */ = {isa = PBXBuildFile; fileRef = 25D4E2AD206A08F200A33E67 /* OwlTableViewCellViewModel.swift */; };
		25D4E2AF206A08F200A33E67 /* OwlTableViewCellViewModel.swift in Sources */ = {isa = PBXBuildFile; fileRef = 25D4E2AD206A08F200A33E67 /* OwlTableViewCellViewModel.swift */; };
/* End PBXBuildFile section */

/* Begin PBXContainerItemProxy section */
		250FF57720683094000C582D /* PBXContainerItemProxy */ = {
			isa = PBXContainerItemProxy;
			containerPortal = 250FF55820683094000C582D /* Project object */;
			proxyType = 1;
			remoteGlobalIDString = 250FF55F20683094000C582D;
			remoteInfo = lowl;
		};
		2559A1A820688BA000BB963C /* PBXContainerItemProxy */ = {
			isa = PBXContainerItemProxy;
			containerPortal = 250FF55820683094000C582D /* Project object */;
			proxyType = 1;
			remoteGlobalIDString = 2559A19D20688BA000BB963C;
			remoteInfo = lowlCore;
		};
		2559A1AA20688BA000BB963C /* PBXContainerItemProxy */ = {
			isa = PBXContainerItemProxy;
			containerPortal = 250FF55820683094000C582D /* Project object */;
			proxyType = 1;
			remoteGlobalIDString = 250FF55F20683094000C582D;
			remoteInfo = lowl;
		};
		25D4E22520689F8C00A33E67 /* PBXContainerItemProxy */ = {
			isa = PBXContainerItemProxy;
			containerPortal = 250FF55820683094000C582D /* Project object */;
			proxyType = 1;
			remoteGlobalIDString = 25D4E21F20689F8C00A33E67;
			remoteInfo = lowlShared;
		};
		25D4E2502068A46B00A33E67 /* PBXContainerItemProxy */ = {
			isa = PBXContainerItemProxy;
			containerPortal = 250FF55820683094000C582D /* Project object */;
			proxyType = 1;
			remoteGlobalIDString = 25D4E2392068A46A00A33E67;
			remoteInfo = lowlMVVM;
		};
		25D4E2772068AD2700A33E67 /* PBXContainerItemProxy */ = {
			isa = PBXContainerItemProxy;
			containerPortal = 250FF55820683094000C582D /* Project object */;
			proxyType = 1;
			remoteGlobalIDString = 25D4E2602068AD2700A33E67;
			remoteInfo = lowlViper;
		};
		25D4E2862068B18700A33E67 /* PBXContainerItemProxy */ = {
			isa = PBXContainerItemProxy;
			containerPortal = 250FF55820683094000C582D /* Project object */;
			proxyType = 1;
			remoteGlobalIDString = 25D4E21F20689F8C00A33E67;
			remoteInfo = lowlShared;
		};
		25D4E28B2068B18D00A33E67 /* PBXContainerItemProxy */ = {
			isa = PBXContainerItemProxy;
			containerPortal = 250FF55820683094000C582D /* Project object */;
			proxyType = 1;
			remoteGlobalIDString = 25D4E21F20689F8C00A33E67;
			remoteInfo = lowlShared;
		};
/* End PBXContainerItemProxy section */

/* Begin PBXCopyFilesBuildPhase section */
		2559A1B820688BA000BB963C /* Embed Frameworks */ = {
			isa = PBXCopyFilesBuildPhase;
			buildActionMask = 2147483647;
			dstPath = "";
			dstSubfolderSpec = 10;
			files = (
				25D4E22820689F8C00A33E67 /* lowlShared.framework in Embed Frameworks */,
			);
			name = "Embed Frameworks";
			runOnlyForDeploymentPostprocessing = 0;
		};
		25D4E2882068B18700A33E67 /* Embed Frameworks */ = {
			isa = PBXCopyFilesBuildPhase;
			buildActionMask = 2147483647;
			dstPath = "";
			dstSubfolderSpec = 10;
			files = (
				25D4E2852068B18700A33E67 /* lowlShared.framework in Embed Frameworks */,
			);
			name = "Embed Frameworks";
			runOnlyForDeploymentPostprocessing = 0;
		};
		25D4E28D2068B18D00A33E67 /* Embed Frameworks */ = {
			isa = PBXCopyFilesBuildPhase;
			buildActionMask = 2147483647;
			dstPath = "";
			dstSubfolderSpec = 10;
			files = (
				25D4E28A2068B18D00A33E67 /* lowlShared.framework in Embed Frameworks */,
			);
			name = "Embed Frameworks";
			runOnlyForDeploymentPostprocessing = 0;
		};
/* End PBXCopyFilesBuildPhase section */

/* Begin PBXFileReference section */
		250FF56020683094000C582D /* lowlMVC.app */ = {isa = PBXFileReference; explicitFileType = wrapper.application; includeInIndex = 0; path = lowlMVC.app; sourceTree = BUILT_PRODUCTS_DIR; };
		250FF56320683094000C582D /* AppDelegate.swift */ = {isa = PBXFileReference; lastKnownFileType = sourcecode.swift; path = AppDelegate.swift; sourceTree = "<group>"; };
		250FF56520683094000C582D /* OwlTableViewController.swift */ = {isa = PBXFileReference; lastKnownFileType = sourcecode.swift; path = OwlTableViewController.swift; sourceTree = "<group>"; };
		250FF56720683094000C582D /* OwlDetailViewController.swift */ = {isa = PBXFileReference; lastKnownFileType = sourcecode.swift; path = OwlDetailViewController.swift; sourceTree = "<group>"; };
		250FF56A20683094000C582D /* Base */ = {isa = PBXFileReference; lastKnownFileType = file.storyboard; name = Base; path = Base.lproj/Main.storyboard; sourceTree = "<group>"; };
		250FF56F20683094000C582D /* Base */ = {isa = PBXFileReference; lastKnownFileType = file.storyboard; name = Base; path = Base.lproj/LaunchScreen.storyboard; sourceTree = "<group>"; };
		250FF57120683094000C582D /* Info.plist */ = {isa = PBXFileReference; lastKnownFileType = text.plist.xml; path = Info.plist; sourceTree = "<group>"; };
		250FF57620683094000C582D /* lowlTests.xctest */ = {isa = PBXFileReference; explicitFileType = wrapper.cfbundle; includeInIndex = 0; path = lowlTests.xctest; sourceTree = BUILT_PRODUCTS_DIR; };
		250FF57C20683094000C582D /* Info.plist */ = {isa = PBXFileReference; lastKnownFileType = text.plist.xml; path = Info.plist; sourceTree = "<group>"; };
		250FF58520683C97000C582D /* PrimarySplitViewController.swift */ = {isa = PBXFileReference; lastKnownFileType = sourcecode.swift; path = PrimarySplitViewController.swift; sourceTree = "<group>"; };
		2559A1942068600E00BB963C /* OwlDataSource.swift */ = {isa = PBXFileReference; lastKnownFileType = sourcecode.swift; path = OwlDataSource.swift; sourceTree = "<group>"; };
		2559A19720688B4F00BB963C /* BirthdayDateFormatter.swift */ = {isa = PBXFileReference; fileEncoding = 4; lastKnownFileType = sourcecode.swift; path = BirthdayDateFormatter.swift; sourceTree = "<group>"; };
		2559A19E20688BA000BB963C /* lowlCore.framework */ = {isa = PBXFileReference; explicitFileType = wrapper.framework; includeInIndex = 0; path = lowlCore.framework; sourceTree = BUILT_PRODUCTS_DIR; };
		2559A1A020688BA000BB963C /* lowlCore.h */ = {isa = PBXFileReference; lastKnownFileType = sourcecode.c.h; path = lowlCore.h; sourceTree = "<group>"; };
		2559A1A120688BA000BB963C /* Info.plist */ = {isa = PBXFileReference; lastKnownFileType = text.plist.xml; path = Info.plist; sourceTree = "<group>"; };
		2559A1A620688BA000BB963C /* lowlCoreTests.xctest */ = {isa = PBXFileReference; explicitFileType = wrapper.cfbundle; includeInIndex = 0; path = lowlCoreTests.xctest; sourceTree = BUILT_PRODUCTS_DIR; };
		2559A1AD20688BA000BB963C /* lowlCoreTests.swift */ = {isa = PBXFileReference; lastKnownFileType = sourcecode.swift; path = lowlCoreTests.swift; sourceTree = "<group>"; };
		2559A1AF20688BA000BB963C /* Info.plist */ = {isa = PBXFileReference; lastKnownFileType = text.plist.xml; path = Info.plist; sourceTree = "<group>"; };
		2559A1BF2068909600BB963C /* IOwlDataSource.swift */ = {isa = PBXFileReference; lastKnownFileType = sourcecode.swift; path = IOwlDataSource.swift; sourceTree = "<group>"; };
		2599D05E20685A0B00E7B45A /* OwlImageIdentifierExtensions.swift */ = {isa = PBXFileReference; lastKnownFileType = sourcecode.swift; path = OwlImageIdentifierExtensions.swift; sourceTree = "<group>"; };
		25AF7A6C2068447A00149AAB /* OwlModel.swift */ = {isa = PBXFileReference; lastKnownFileType = sourcecode.swift; path = OwlModel.swift; sourceTree = "<group>"; };
		25AF7A6E2068449500149AAB /* OwlImageIdentifier.swift */ = {isa = PBXFileReference; lastKnownFileType = sourcecode.swift; path = OwlImageIdentifier.swift; sourceTree = "<group>"; };
		25D4E22020689F8C00A33E67 /* lowlShared.framework */ = {isa = PBXFileReference; explicitFileType = wrapper.framework; includeInIndex = 0; path = lowlShared.framework; sourceTree = BUILT_PRODUCTS_DIR; };
		25D4E22220689F8C00A33E67 /* lowlShared.h */ = {isa = PBXFileReference; lastKnownFileType = sourcecode.c.h; path = lowlShared.h; sourceTree = "<group>"; };
		25D4E22320689F8C00A33E67 /* Info.plist */ = {isa = PBXFileReference; lastKnownFileType = text.plist.xml; path = Info.plist; sourceTree = "<group>"; };
		25D4E2312068A1AD00A33E67 /* OwlImages.xcassets */ = {isa = PBXFileReference; lastKnownFileType = folder.assetcatalog; path = OwlImages.xcassets; sourceTree = "<group>"; };
		25D4E2332068A25200A33E67 /* AppIcon.xcassets */ = {isa = PBXFileReference; lastKnownFileType = folder.assetcatalog; path = AppIcon.xcassets; sourceTree = "<group>"; };
		25D4E23A2068A46A00A33E67 /* lowlMVVM.app */ = {isa = PBXFileReference; explicitFileType = wrapper.application; includeInIndex = 0; path = lowlMVVM.app; sourceTree = BUILT_PRODUCTS_DIR; };
		25D4E23C2068A46A00A33E67 /* AppDelegate.swift */ = {isa = PBXFileReference; lastKnownFileType = sourcecode.swift; path = AppDelegate.swift; sourceTree = "<group>"; };
		25D4E23E2068A46A00A33E67 /* MasterViewController.swift */ = {isa = PBXFileReference; lastKnownFileType = sourcecode.swift; path = MasterViewController.swift; sourceTree = "<group>"; };
		25D4E2402068A46A00A33E67 /* DetailViewController.swift */ = {isa = PBXFileReference; lastKnownFileType = sourcecode.swift; path = DetailViewController.swift; sourceTree = "<group>"; };
		25D4E2432068A46A00A33E67 /* Base */ = {isa = PBXFileReference; lastKnownFileType = file.storyboard; name = Base; path = Base.lproj/Main.storyboard; sourceTree = "<group>"; };
		25D4E2452068A46A00A33E67 /* Assets.xcassets */ = {isa = PBXFileReference; lastKnownFileType = folder.assetcatalog; path = Assets.xcassets; sourceTree = "<group>"; };
		25D4E2482068A46A00A33E67 /* Base */ = {isa = PBXFileReference; lastKnownFileType = file.storyboard; name = Base; path = Base.lproj/LaunchScreen.storyboard; sourceTree = "<group>"; };
		25D4E24A2068A46A00A33E67 /* Info.plist */ = {isa = PBXFileReference; lastKnownFileType = text.plist.xml; path = Info.plist; sourceTree = "<group>"; };
		25D4E24F2068A46A00A33E67 /* lowlMVVMTests.xctest */ = {isa = PBXFileReference; explicitFileType = wrapper.cfbundle; includeInIndex = 0; path = lowlMVVMTests.xctest; sourceTree = BUILT_PRODUCTS_DIR; };
		25D4E2532068A46B00A33E67 /* lowlMVVMTests.swift */ = {isa = PBXFileReference; lastKnownFileType = sourcecode.swift; path = lowlMVVMTests.swift; sourceTree = "<group>"; };
		25D4E2552068A46B00A33E67 /* Info.plist */ = {isa = PBXFileReference; lastKnownFileType = text.plist.xml; path = Info.plist; sourceTree = "<group>"; };
		25D4E2612068AD2700A33E67 /* lowlViper.app */ = {isa = PBXFileReference; explicitFileType = wrapper.application; includeInIndex = 0; path = lowlViper.app; sourceTree = BUILT_PRODUCTS_DIR; };
		25D4E2632068AD2700A33E67 /* AppDelegate.swift */ = {isa = PBXFileReference; lastKnownFileType = sourcecode.swift; path = AppDelegate.swift; sourceTree = "<group>"; };
		25D4E2652068AD2700A33E67 /* MasterViewController.swift */ = {isa = PBXFileReference; lastKnownFileType = sourcecode.swift; path = MasterViewController.swift; sourceTree = "<group>"; };
		25D4E2672068AD2700A33E67 /* DetailViewController.swift */ = {isa = PBXFileReference; lastKnownFileType = sourcecode.swift; path = DetailViewController.swift; sourceTree = "<group>"; };
		25D4E26A2068AD2700A33E67 /* Base */ = {isa = PBXFileReference; lastKnownFileType = file.storyboard; name = Base; path = Base.lproj/Main.storyboard; sourceTree = "<group>"; };
		25D4E26C2068AD2700A33E67 /* Assets.xcassets */ = {isa = PBXFileReference; lastKnownFileType = folder.assetcatalog; path = Assets.xcassets; sourceTree = "<group>"; };
		25D4E26F2068AD2700A33E67 /* Base */ = {isa = PBXFileReference; lastKnownFileType = file.storyboard; name = Base; path = Base.lproj/LaunchScreen.storyboard; sourceTree = "<group>"; };
		25D4E2712068AD2700A33E67 /* Info.plist */ = {isa = PBXFileReference; lastKnownFileType = text.plist.xml; path = Info.plist; sourceTree = "<group>"; };
		25D4E2762068AD2700A33E67 /* lowlViperTests.xctest */ = {isa = PBXFileReference; explicitFileType = wrapper.cfbundle; includeInIndex = 0; path = lowlViperTests.xctest; sourceTree = BUILT_PRODUCTS_DIR; };
		25D4E27C2068AD2700A33E67 /* Info.plist */ = {isa = PBXFileReference; lastKnownFileType = text.plist.xml; path = Info.plist; sourceTree = "<group>"; };
		25D4E28F2068B71F00A33E67 /* Observable.swift */ = {isa = PBXFileReference; lastKnownFileType = sourcecode.swift; path = Observable.swift; sourceTree = "<group>"; };
		25D4E2952069C72E00A33E67 /* OwlDetailsViewModel.swift */ = {isa = PBXFileReference; lastKnownFileType = sourcecode.swift; path = OwlDetailsViewModel.swift; sourceTree = "<group>"; };
		25D4E2982069D74100A33E67 /* UIBindingExtensions.swift */ = {isa = PBXFileReference; lastKnownFileType = sourcecode.swift; path = UIBindingExtensions.swift; sourceTree = "<group>"; };
		25D4E29B2069ECE000A33E67 /* OwlMasterDetailViewModel.swift */ = {isa = PBXFileReference; lastKnownFileType = sourcecode.swift; path = OwlMasterDetailViewModel.swift; sourceTree = "<group>"; };
		25D4E29E2069EE2500A33E67 /* OwlMVVMMasterDetailViewController.swift */ = {isa = PBXFileReference; lastKnownFileType = sourcecode.swift; path = OwlMVVMMasterDetailViewController.swift; sourceTree = "<group>"; };
		25D4E2A12069F3F400A33E67 /* OwlMasterViewModel.swift */ = {isa = PBXFileReference; lastKnownFileType = sourcecode.swift; path = OwlMasterViewModel.swift; sourceTree = "<group>"; };
		25D4E2A4206A077800A33E67 /* Bindable.swift */ = {isa = PBXFileReference; lastKnownFileType = sourcecode.swift; path = Bindable.swift; sourceTree = "<group>"; };
		25D4E2A7206A081900A33E67 /* Binding.swift */ = {isa = PBXFileReference; lastKnownFileType = sourcecode.swift; path = Binding.swift; sourceTree = "<group>"; };
		25D4E2AA206A08C400A33E67 /* OwlTableViewCell.swift */ = {isa = PBXFileReference; lastKnownFileType = sourcecode.swift; path = OwlTableViewCell.swift; sourceTree = "<group>"; };
		25D4E2AD206A08F200A33E67 /* OwlTableViewCellViewModel.swift */ = {isa = PBXFileReference; lastKnownFileType = sourcecode.swift; path = OwlTableViewCellViewModel.swift; sourceTree = "<group>"; };
/* End PBXFileReference section */

/* Begin PBXFrameworksBuildPhase section */
		250FF55D20683094000C582D /* Frameworks */ = {
			isa = PBXFrameworksBuildPhase;
			buildActionMask = 2147483647;
			files = (
				25D4E22720689F8C00A33E67 /* lowlShared.framework in Frameworks */,
			);
			runOnlyForDeploymentPostprocessing = 0;
		};
		250FF57320683094000C582D /* Frameworks */ = {
			isa = PBXFrameworksBuildPhase;
			buildActionMask = 2147483647;
			files = (
			);
			runOnlyForDeploymentPostprocessing = 0;
		};
		2559A19A20688BA000BB963C /* Frameworks */ = {
			isa = PBXFrameworksBuildPhase;
			buildActionMask = 2147483647;
			files = (
			);
			runOnlyForDeploymentPostprocessing = 0;
		};
		2559A1A320688BA000BB963C /* Frameworks */ = {
			isa = PBXFrameworksBuildPhase;
			buildActionMask = 2147483647;
			files = (
				2559A1A720688BA000BB963C /* lowlCore.framework in Frameworks */,
			);
			runOnlyForDeploymentPostprocessing = 0;
		};
		25D4E21C20689F8C00A33E67 /* Frameworks */ = {
			isa = PBXFrameworksBuildPhase;
			buildActionMask = 2147483647;
			files = (
				25D4E22F2068A04000A33E67 /* lowlCore.framework in Frameworks */,
			);
			runOnlyForDeploymentPostprocessing = 0;
		};
		25D4E2372068A46A00A33E67 /* Frameworks */ = {
			isa = PBXFrameworksBuildPhase;
			buildActionMask = 2147483647;
			files = (
				25D4E2842068B18700A33E67 /* lowlShared.framework in Frameworks */,
			);
			runOnlyForDeploymentPostprocessing = 0;
		};
		25D4E24C2068A46A00A33E67 /* Frameworks */ = {
			isa = PBXFrameworksBuildPhase;
			buildActionMask = 2147483647;
			files = (
			);
			runOnlyForDeploymentPostprocessing = 0;
		};
		25D4E25E2068AD2700A33E67 /* Frameworks */ = {
			isa = PBXFrameworksBuildPhase;
			buildActionMask = 2147483647;
			files = (
				25D4E2892068B18D00A33E67 /* lowlShared.framework in Frameworks */,
			);
			runOnlyForDeploymentPostprocessing = 0;
		};
		25D4E2732068AD2700A33E67 /* Frameworks */ = {
			isa = PBXFrameworksBuildPhase;
			buildActionMask = 2147483647;
			files = (
			);
			runOnlyForDeploymentPostprocessing = 0;
		};
/* End PBXFrameworksBuildPhase section */

/* Begin PBXGroup section */
		250FF55720683094000C582D = {
			isa = PBXGroup;
			children = (
				25D4E22E2068A04000A33E67 /* Frameworks */,
				2559A19F20688BA000BB963C /* lowlCore */,
				2559A1AC20688BA000BB963C /* lowlCoreTests */,
				250FF56220683094000C582D /* lowlMVC */,
				25D4E23B2068A46A00A33E67 /* lowlMVVM */,
				25D4E2522068A46B00A33E67 /* lowlMVVMTests */,
				25D4E22120689F8C00A33E67 /* lowlShared */,
				250FF57920683094000C582D /* lowlTests */,
				25D4E2622068AD2700A33E67 /* lowlViper */,
				25D4E2792068AD2700A33E67 /* lowlViperTests */,
				250FF56120683094000C582D /* Products */,
			);
			sourceTree = "<group>";
		};
		250FF56120683094000C582D /* Products */ = {
			isa = PBXGroup;
			children = (
				250FF56020683094000C582D /* lowlMVC.app */,
				250FF57620683094000C582D /* lowlTests.xctest */,
				2559A19E20688BA000BB963C /* lowlCore.framework */,
				2559A1A620688BA000BB963C /* lowlCoreTests.xctest */,
				25D4E22020689F8C00A33E67 /* lowlShared.framework */,
				25D4E23A2068A46A00A33E67 /* lowlMVVM.app */,
				25D4E24F2068A46A00A33E67 /* lowlMVVMTests.xctest */,
				25D4E2612068AD2700A33E67 /* lowlViper.app */,
				25D4E2762068AD2700A33E67 /* lowlViperTests.xctest */,
			);
			name = Products;
			sourceTree = "<group>";
		};
		250FF56220683094000C582D /* lowlMVC */ = {
			isa = PBXGroup;
			children = (
				250FF56320683094000C582D /* AppDelegate.swift */,
				250FF57120683094000C582D /* Info.plist */,
				250FF56E20683094000C582D /* LaunchScreen.storyboard */,
				250FF56920683094000C582D /* Main.storyboard */,
				250FF56720683094000C582D /* OwlDetailViewController.swift */,
				250FF56520683094000C582D /* OwlTableViewController.swift */,
				25D4E2332068A25200A33E67 /* AppIcon.xcassets */,
			);
			path = lowlMVC;
			sourceTree = "<group>";
		};
		250FF57920683094000C582D /* lowlTests */ = {
			isa = PBXGroup;
			children = (
				250FF57C20683094000C582D /* Info.plist */,
			);
			path = lowlTests;
			sourceTree = "<group>";
		};
		2559A19F20688BA000BB963C /* lowlCore */ = {
			isa = PBXGroup;
			children = (
				2559A19720688B4F00BB963C /* BirthdayDateFormatter.swift */,
				2559A1A120688BA000BB963C /* Info.plist */,
				2559A1BF2068909600BB963C /* IOwlDataSource.swift */,
				2559A1A020688BA000BB963C /* lowlCore.h */,
				25AF7A6E2068449500149AAB /* OwlImageIdentifier.swift */,
				25AF7A6C2068447A00149AAB /* OwlModel.swift */,
			);
			path = lowlCore;
			sourceTree = "<group>";
		};
		2559A1AC20688BA000BB963C /* lowlCoreTests */ = {
			isa = PBXGroup;
			children = (
				2559A1AD20688BA000BB963C /* lowlCoreTests.swift */,
				2559A1AF20688BA000BB963C /* Info.plist */,
			);
			path = lowlCoreTests;
			sourceTree = "<group>";
		};
		25D4E22120689F8C00A33E67 /* lowlShared */ = {
			isa = PBXGroup;
			children = (
				2559A1942068600E00BB963C /* OwlDataSource.swift */,
				2599D05E20685A0B00E7B45A /* OwlImageIdentifierExtensions.swift */,
				250FF58520683C97000C582D /* PrimarySplitViewController.swift */,
				25D4E22220689F8C00A33E67 /* lowlShared.h */,
				25D4E22320689F8C00A33E67 /* Info.plist */,
				25D4E2312068A1AD00A33E67 /* OwlImages.xcassets */,
			);
			path = lowlShared;
			sourceTree = "<group>";
		};
		25D4E22E2068A04000A33E67 /* Frameworks */ = {
			isa = PBXGroup;
			children = (
			);
			name = Frameworks;
			sourceTree = "<group>";
		};
		25D4E23B2068A46A00A33E67 /* lowlMVVM */ = {
			isa = PBXGroup;
			children = (
				25D4E23C2068A46A00A33E67 /* AppDelegate.swift */,
				25D4E2452068A46A00A33E67 /* Assets.xcassets */,
				25D4E2A4206A077800A33E67 /* Bindable.swift */,
				25D4E2A7206A081900A33E67 /* Binding.swift */,
				25D4E2402068A46A00A33E67 /* DetailViewController.swift */,
				25D4E24A2068A46A00A33E67 /* Info.plist */,
				25D4E2472068A46A00A33E67 /* LaunchScreen.storyboard */,
				25D4E2422068A46A00A33E67 /* Main.storyboard */,
				25D4E23E2068A46A00A33E67 /* MasterViewController.swift */,
				25D4E28F2068B71F00A33E67 /* Observable.swift */,
				25D4E29E2069EE2500A33E67 /* OwlMVVMMasterDetailViewController.swift */,
				25D4E2982069D74100A33E67 /* UIBindingExtensions.swift */,
				25D4E28E2068B1E500A33E67 /* ViewModels */,
				25D4E2AA206A08C400A33E67 /* OwlTableViewCell.swift */,
			);
			path = lowlMVVM;
			sourceTree = "<group>";
		};
		25D4E2522068A46B00A33E67 /* lowlMVVMTests */ = {
			isa = PBXGroup;
			children = (
				25D4E2532068A46B00A33E67 /* lowlMVVMTests.swift */,
				25D4E2552068A46B00A33E67 /* Info.plist */,
			);
			path = lowlMVVMTests;
			sourceTree = "<group>";
		};
		25D4E2622068AD2700A33E67 /* lowlViper */ = {
			isa = PBXGroup;
			children = (
				25D4E2632068AD2700A33E67 /* AppDelegate.swift */,
				25D4E2652068AD2700A33E67 /* MasterViewController.swift */,
				25D4E2672068AD2700A33E67 /* DetailViewController.swift */,
				25D4E2692068AD2700A33E67 /* Main.storyboard */,
				25D4E26C2068AD2700A33E67 /* Assets.xcassets */,
				25D4E26E2068AD2700A33E67 /* LaunchScreen.storyboard */,
				25D4E2712068AD2700A33E67 /* Info.plist */,
			);
			path = lowlViper;
			sourceTree = "<group>";
		};
		25D4E2792068AD2700A33E67 /* lowlViperTests */ = {
			isa = PBXGroup;
			children = (
				25D4E27C2068AD2700A33E67 /* Info.plist */,
			);
			path = lowlViperTests;
			sourceTree = "<group>";
		};
		25D4E28E2068B1E500A33E67 /* ViewModels */ = {
			isa = PBXGroup;
			children = (
				25D4E2952069C72E00A33E67 /* OwlDetailsViewModel.swift */,
				25D4E29B2069ECE000A33E67 /* OwlMasterDetailViewModel.swift */,
				25D4E2A12069F3F400A33E67 /* OwlMasterViewModel.swift */,
				25D4E2AD206A08F200A33E67 /* OwlTableViewCellViewModel.swift */,
			);
			path = ViewModels;
			sourceTree = "<group>";
		};
/* End PBXGroup section */

/* Begin PBXHeadersBuildPhase section */
		2559A19B20688BA000BB963C /* Headers */ = {
			isa = PBXHeadersBuildPhase;
			buildActionMask = 2147483647;
			files = (
				2559A1B020688BA000BB963C /* lowlCore.h in Headers */,
			);
			runOnlyForDeploymentPostprocessing = 0;
		};
		25D4E21D20689F8C00A33E67 /* Headers */ = {
			isa = PBXHeadersBuildPhase;
			buildActionMask = 2147483647;
			files = (
				25D4E22420689F8C00A33E67 /* lowlShared.h in Headers */,
			);
			runOnlyForDeploymentPostprocessing = 0;
		};
/* End PBXHeadersBuildPhase section */

/* Begin PBXNativeTarget section */
		250FF55F20683094000C582D /* lowlMVC */ = {
			isa = PBXNativeTarget;
			buildConfigurationList = 250FF57F20683094000C582D /* Build configuration list for PBXNativeTarget "lowlMVC" */;
			buildPhases = (
				250FF55C20683094000C582D /* Sources */,
				250FF55D20683094000C582D /* Frameworks */,
				250FF55E20683094000C582D /* Resources */,
				2559A1B820688BA000BB963C /* Embed Frameworks */,
			);
			buildRules = (
			);
			dependencies = (
				25D4E22620689F8C00A33E67 /* PBXTargetDependency */,
			);
			name = lowlMVC;
			productName = lowl;
			productReference = 250FF56020683094000C582D /* lowlMVC.app */;
			productType = "com.apple.product-type.application";
		};
		250FF57520683094000C582D /* lowlTests */ = {
			isa = PBXNativeTarget;
			buildConfigurationList = 250FF58220683094000C582D /* Build configuration list for PBXNativeTarget "lowlTests" */;
			buildPhases = (
				250FF57220683094000C582D /* Sources */,
				250FF57320683094000C582D /* Frameworks */,
				250FF57420683094000C582D /* Resources */,
			);
			buildRules = (
			);
			dependencies = (
				250FF57820683094000C582D /* PBXTargetDependency */,
			);
			name = lowlTests;
			productName = lowlTests;
			productReference = 250FF57620683094000C582D /* lowlTests.xctest */;
			productType = "com.apple.product-type.bundle.unit-test";
		};
		2559A19D20688BA000BB963C /* lowlCore */ = {
			isa = PBXNativeTarget;
			buildConfigurationList = 2559A1B520688BA000BB963C /* Build configuration list for PBXNativeTarget "lowlCore" */;
			buildPhases = (
				2559A19920688BA000BB963C /* Sources */,
				2559A19A20688BA000BB963C /* Frameworks */,
				2559A19B20688BA000BB963C /* Headers */,
				2559A19C20688BA000BB963C /* Resources */,
			);
			buildRules = (
			);
			dependencies = (
			);
			name = lowlCore;
			productName = lowlCore;
			productReference = 2559A19E20688BA000BB963C /* lowlCore.framework */;
			productType = "com.apple.product-type.framework";
		};
		2559A1A520688BA000BB963C /* lowlCoreTests */ = {
			isa = PBXNativeTarget;
			buildConfigurationList = 2559A1B920688BA000BB963C /* Build configuration list for PBXNativeTarget "lowlCoreTests" */;
			buildPhases = (
				2559A1A220688BA000BB963C /* Sources */,
				2559A1A320688BA000BB963C /* Frameworks */,
				2559A1A420688BA000BB963C /* Resources */,
			);
			buildRules = (
			);
			dependencies = (
				2559A1A920688BA000BB963C /* PBXTargetDependency */,
				2559A1AB20688BA000BB963C /* PBXTargetDependency */,
			);
			name = lowlCoreTests;
			productName = lowlCoreTests;
			productReference = 2559A1A620688BA000BB963C /* lowlCoreTests.xctest */;
			productType = "com.apple.product-type.bundle.unit-test";
		};
		25D4E21F20689F8C00A33E67 /* lowlShared */ = {
			isa = PBXNativeTarget;
			buildConfigurationList = 25D4E22920689F8C00A33E67 /* Build configuration list for PBXNativeTarget "lowlShared" */;
			buildPhases = (
				25D4E21B20689F8C00A33E67 /* Sources */,
				25D4E21C20689F8C00A33E67 /* Frameworks */,
				25D4E21D20689F8C00A33E67 /* Headers */,
				25D4E21E20689F8C00A33E67 /* Resources */,
			);
			buildRules = (
			);
			dependencies = (
			);
			name = lowlShared;
			productName = lowlShared;
			productReference = 25D4E22020689F8C00A33E67 /* lowlShared.framework */;
			productType = "com.apple.product-type.framework";
		};
		25D4E2392068A46A00A33E67 /* lowlMVVM */ = {
			isa = PBXNativeTarget;
			buildConfigurationList = 25D4E2562068A46B00A33E67 /* Build configuration list for PBXNativeTarget "lowlMVVM" */;
			buildPhases = (
				25D4E2362068A46A00A33E67 /* Sources */,
				25D4E2372068A46A00A33E67 /* Frameworks */,
				25D4E2382068A46A00A33E67 /* Resources */,
				25D4E2882068B18700A33E67 /* Embed Frameworks */,
			);
			buildRules = (
			);
			dependencies = (
				25D4E2872068B18700A33E67 /* PBXTargetDependency */,
			);
			name = lowlMVVM;
			productName = lowlMVVM;
			productReference = 25D4E23A2068A46A00A33E67 /* lowlMVVM.app */;
			productType = "com.apple.product-type.application";
		};
		25D4E24E2068A46A00A33E67 /* lowlMVVMTests */ = {
			isa = PBXNativeTarget;
			buildConfigurationList = 25D4E2592068A46B00A33E67 /* Build configuration list for PBXNativeTarget "lowlMVVMTests" */;
			buildPhases = (
				25D4E24B2068A46A00A33E67 /* Sources */,
				25D4E24C2068A46A00A33E67 /* Frameworks */,
				25D4E24D2068A46A00A33E67 /* Resources */,
			);
			buildRules = (
			);
			dependencies = (
				25D4E2512068A46B00A33E67 /* PBXTargetDependency */,
			);
			name = lowlMVVMTests;
			productName = lowlMVVMTests;
			productReference = 25D4E24F2068A46A00A33E67 /* lowlMVVMTests.xctest */;
			productType = "com.apple.product-type.bundle.unit-test";
		};
		25D4E2602068AD2700A33E67 /* lowlViper */ = {
			isa = PBXNativeTarget;
			buildConfigurationList = 25D4E27D2068AD2700A33E67 /* Build configuration list for PBXNativeTarget "lowlViper" */;
			buildPhases = (
				25D4E25D2068AD2700A33E67 /* Sources */,
				25D4E25E2068AD2700A33E67 /* Frameworks */,
				25D4E25F2068AD2700A33E67 /* Resources */,
				25D4E28D2068B18D00A33E67 /* Embed Frameworks */,
			);
			buildRules = (
			);
			dependencies = (
				25D4E28C2068B18D00A33E67 /* PBXTargetDependency */,
			);
			name = lowlViper;
			productName = lowlViper;
			productReference = 25D4E2612068AD2700A33E67 /* lowlViper.app */;
			productType = "com.apple.product-type.application";
		};
		25D4E2752068AD2700A33E67 /* lowlViperTests */ = {
			isa = PBXNativeTarget;
			buildConfigurationList = 25D4E2802068AD2700A33E67 /* Build configuration list for PBXNativeTarget "lowlViperTests" */;
			buildPhases = (
				25D4E2722068AD2700A33E67 /* Sources */,
				25D4E2732068AD2700A33E67 /* Frameworks */,
				25D4E2742068AD2700A33E67 /* Resources */,
			);
			buildRules = (
			);
			dependencies = (
				25D4E2782068AD2700A33E67 /* PBXTargetDependency */,
			);
			name = lowlViperTests;
			productName = lowlViperTests;
			productReference = 25D4E2762068AD2700A33E67 /* lowlViperTests.xctest */;
			productType = "com.apple.product-type.bundle.unit-test";
		};
/* End PBXNativeTarget section */

/* Begin PBXProject section */
		250FF55820683094000C582D /* Project object */ = {
			isa = PBXProject;
			attributes = {
				LastSwiftUpdateCheck = 0920;
				LastUpgradeCheck = 0920;
				ORGANIZATIONNAME = "Jeremy Conkin";
				TargetAttributes = {
					250FF55F20683094000C582D = {
						CreatedOnToolsVersion = 9.2;
						ProvisioningStyle = Automatic;
					};
					250FF57520683094000C582D = {
						CreatedOnToolsVersion = 9.2;
						ProvisioningStyle = Automatic;
						TestTargetID = 250FF55F20683094000C582D;
					};
					2559A19D20688BA000BB963C = {
						CreatedOnToolsVersion = 9.2;
						ProvisioningStyle = Automatic;
					};
					2559A1A520688BA000BB963C = {
						CreatedOnToolsVersion = 9.2;
						ProvisioningStyle = Automatic;
						TestTargetID = 250FF55F20683094000C582D;
					};
					25D4E21F20689F8C00A33E67 = {
						CreatedOnToolsVersion = 9.2;
						ProvisioningStyle = Automatic;
					};
					25D4E2392068A46A00A33E67 = {
						CreatedOnToolsVersion = 9.2;
						ProvisioningStyle = Automatic;
					};
					25D4E24E2068A46A00A33E67 = {
						CreatedOnToolsVersion = 9.2;
						ProvisioningStyle = Automatic;
						TestTargetID = 25D4E2392068A46A00A33E67;
					};
					25D4E2602068AD2700A33E67 = {
						CreatedOnToolsVersion = 9.2;
						ProvisioningStyle = Automatic;
					};
					25D4E2752068AD2700A33E67 = {
						CreatedOnToolsVersion = 9.2;
						ProvisioningStyle = Automatic;
						TestTargetID = 25D4E2602068AD2700A33E67;
					};
				};
			};
			buildConfigurationList = 250FF55B20683094000C582D /* Build configuration list for PBXProject "Lowl" */;
			compatibilityVersion = "Xcode 8.0";
			developmentRegion = en;
			hasScannedForEncodings = 0;
			knownRegions = (
				en,
				Base,
			);
			mainGroup = 250FF55720683094000C582D;
			productRefGroup = 250FF56120683094000C582D /* Products */;
			projectDirPath = "";
			projectRoot = "";
			targets = (
				250FF55F20683094000C582D /* lowlMVC */,
				250FF57520683094000C582D /* lowlTests */,
				2559A19D20688BA000BB963C /* lowlCore */,
				2559A1A520688BA000BB963C /* lowlCoreTests */,
				25D4E21F20689F8C00A33E67 /* lowlShared */,
				25D4E2392068A46A00A33E67 /* lowlMVVM */,
				25D4E24E2068A46A00A33E67 /* lowlMVVMTests */,
				25D4E2602068AD2700A33E67 /* lowlViper */,
				25D4E2752068AD2700A33E67 /* lowlViperTests */,
			);
		};
/* End PBXProject section */

/* Begin PBXResourcesBuildPhase section */
		250FF55E20683094000C582D /* Resources */ = {
			isa = PBXResourcesBuildPhase;
			buildActionMask = 2147483647;
			files = (
				250FF57020683094000C582D /* LaunchScreen.storyboard in Resources */,
				250FF56B20683094000C582D /* Main.storyboard in Resources */,
				25D4E2352068A33D00A33E67 /* OwlImages.xcassets in Resources */,
				25D4E2342068A25200A33E67 /* AppIcon.xcassets in Resources */,
			);
			runOnlyForDeploymentPostprocessing = 0;
		};
		250FF57420683094000C582D /* Resources */ = {
			isa = PBXResourcesBuildPhase;
			buildActionMask = 2147483647;
			files = (
			);
			runOnlyForDeploymentPostprocessing = 0;
		};
		2559A19C20688BA000BB963C /* Resources */ = {
			isa = PBXResourcesBuildPhase;
			buildActionMask = 2147483647;
			files = (
			);
			runOnlyForDeploymentPostprocessing = 0;
		};
		2559A1A420688BA000BB963C /* Resources */ = {
			isa = PBXResourcesBuildPhase;
			buildActionMask = 2147483647;
			files = (
			);
			runOnlyForDeploymentPostprocessing = 0;
		};
		25D4E21E20689F8C00A33E67 /* Resources */ = {
			isa = PBXResourcesBuildPhase;
			buildActionMask = 2147483647;
			files = (
				25D4E2322068A1AD00A33E67 /* OwlImages.xcassets in Resources */,
			);
			runOnlyForDeploymentPostprocessing = 0;
		};
		25D4E2382068A46A00A33E67 /* Resources */ = {
			isa = PBXResourcesBuildPhase;
			buildActionMask = 2147483647;
			files = (
				25D4E2492068A46A00A33E67 /* LaunchScreen.storyboard in Resources */,
				25D4E2462068A46A00A33E67 /* Assets.xcassets in Resources */,
				25D4E25C2068A6F200A33E67 /* OwlImages.xcassets in Resources */,
				25D4E2442068A46A00A33E67 /* Main.storyboard in Resources */,
			);
			runOnlyForDeploymentPostprocessing = 0;
		};
		25D4E24D2068A46A00A33E67 /* Resources */ = {
			isa = PBXResourcesBuildPhase;
			buildActionMask = 2147483647;
			files = (
			);
			runOnlyForDeploymentPostprocessing = 0;
		};
		25D4E25F2068AD2700A33E67 /* Resources */ = {
			isa = PBXResourcesBuildPhase;
			buildActionMask = 2147483647;
			files = (
				25D4E2702068AD2700A33E67 /* LaunchScreen.storyboard in Resources */,
				25D4E26D2068AD2700A33E67 /* Assets.xcassets in Resources */,
				25D4E2832068AD5000A33E67 /* OwlImages.xcassets in Resources */,
				25D4E26B2068AD2700A33E67 /* Main.storyboard in Resources */,
			);
			runOnlyForDeploymentPostprocessing = 0;
		};
		25D4E2742068AD2700A33E67 /* Resources */ = {
			isa = PBXResourcesBuildPhase;
			buildActionMask = 2147483647;
			files = (
			);
			runOnlyForDeploymentPostprocessing = 0;
		};
/* End PBXResourcesBuildPhase section */

/* Begin PBXSourcesBuildPhase section */
		250FF55C20683094000C582D /* Sources */ = {
			isa = PBXSourcesBuildPhase;
			buildActionMask = 2147483647;
			files = (
				250FF56820683094000C582D /* OwlDetailViewController.swift in Sources */,
				250FF56620683094000C582D /* OwlTableViewController.swift in Sources */,
				250FF56420683094000C582D /* AppDelegate.swift in Sources */,
			);
			runOnlyForDeploymentPostprocessing = 0;
		};
		250FF57220683094000C582D /* Sources */ = {
			isa = PBXSourcesBuildPhase;
			buildActionMask = 2147483647;
			files = (
			);
			runOnlyForDeploymentPostprocessing = 0;
		};
		2559A19920688BA000BB963C /* Sources */ = {
			isa = PBXSourcesBuildPhase;
			buildActionMask = 2147483647;
			files = (
				2559A1BE20688BB700BB963C /* OwlImageIdentifier.swift in Sources */,
				2559A1C02068909600BB963C /* IOwlDataSource.swift in Sources */,
				2559A1BD20688BB300BB963C /* OwlModel.swift in Sources */,
				2559A1BC20688BAF00BB963C /* BirthdayDateFormatter.swift in Sources */,
			);
			runOnlyForDeploymentPostprocessing = 0;
		};
		2559A1A220688BA000BB963C /* Sources */ = {
			isa = PBXSourcesBuildPhase;
			buildActionMask = 2147483647;
			files = (
				2559A1AE20688BA000BB963C /* lowlCoreTests.swift in Sources */,
			);
			runOnlyForDeploymentPostprocessing = 0;
		};
		25D4E21B20689F8C00A33E67 /* Sources */ = {
			isa = PBXSourcesBuildPhase;
			buildActionMask = 2147483647;
			files = (
				25D4E22C20689F9700A33E67 /* PrimarySplitViewController.swift in Sources */,
				25D4E2302068A0B000A33E67 /* OwlDataSource.swift in Sources */,
				25D4E22D20689FE200A33E67 /* OwlImageIdentifierExtensions.swift in Sources */,
			);
			runOnlyForDeploymentPostprocessing = 0;
		};
		25D4E2362068A46A00A33E67 /* Sources */ = {
			isa = PBXSourcesBuildPhase;
			buildActionMask = 2147483647;
			files = (
				25D4E2A5206A077800A33E67 /* Bindable.swift in Sources */,
				25D4E29F2069EE2500A33E67 /* OwlMVVMMasterDetailViewController.swift in Sources */,
				25D4E2902068B71F00A33E67 /* Observable.swift in Sources */,
				25D4E2A8206A081900A33E67 /* Binding.swift in Sources */,
				25D4E29C2069ECE000A33E67 /* OwlMasterDetailViewModel.swift in Sources */,
				25D4E2992069D74100A33E67 /* UIBindingExtensions.swift in Sources */,
				25D4E2AE206A08F200A33E67 /* OwlTableViewCellViewModel.swift in Sources */,
				25D4E2AB206A08C400A33E67 /* OwlTableViewCell.swift in Sources */,
				25D4E2962069C72E00A33E67 /* OwlDetailsViewModel.swift in Sources */,
				25D4E2412068A46A00A33E67 /* DetailViewController.swift in Sources */,
				25D4E2A22069F3F400A33E67 /* OwlMasterViewModel.swift in Sources */,
				25D4E23F2068A46A00A33E67 /* MasterViewController.swift in Sources */,
				25D4E23D2068A46A00A33E67 /* AppDelegate.swift in Sources */,
			);
			runOnlyForDeploymentPostprocessing = 0;
		};
		25D4E24B2068A46A00A33E67 /* Sources */ = {
			isa = PBXSourcesBuildPhase;
			buildActionMask = 2147483647;
			files = (
				25D4E2A02069EE2500A33E67 /* OwlMVVMMasterDetailViewController.swift in Sources */,
				25D4E2912068B71F00A33E67 /* Observable.swift in Sources */,
				25D4E2AF206A08F200A33E67 /* OwlTableViewCellViewModel.swift in Sources */,
				25D4E2AC206A08C400A33E67 /* OwlTableViewCell.swift in Sources */,
				25D4E2A6206A077800A33E67 /* Bindable.swift in Sources */,
				25D4E29A2069D74100A33E67 /* UIBindingExtensions.swift in Sources */,
				25D4E2A9206A081900A33E67 /* Binding.swift in Sources */,
				25D4E2972069C72E00A33E67 /* OwlDetailsViewModel.swift in Sources */,
				25D4E2542068A46B00A33E67 /* lowlMVVMTests.swift in Sources */,
				25D4E2A32069F3F400A33E67 /* OwlMasterViewModel.swift in Sources */,
				25D4E29D2069ECE000A33E67 /* OwlMasterDetailViewModel.swift in Sources */,
			);
			runOnlyForDeploymentPostprocessing = 0;
		};
		25D4E25D2068AD2700A33E67 /* Sources */ = {
			isa = PBXSourcesBuildPhase;
			buildActionMask = 2147483647;
			files = (
				25D4E2682068AD2700A33E67 /* DetailViewController.swift in Sources */,
				25D4E2662068AD2700A33E67 /* MasterViewController.swift in Sources */,
				25D4E2642068AD2700A33E67 /* AppDelegate.swift in Sources */,
			);
			runOnlyForDeploymentPostprocessing = 0;
		};
		25D4E2722068AD2700A33E67 /* Sources */ = {
			isa = PBXSourcesBuildPhase;
			buildActionMask = 2147483647;
			files = (
			);
			runOnlyForDeploymentPostprocessing = 0;
		};
/* End PBXSourcesBuildPhase section */

/* Begin PBXTargetDependency section */
		250FF57820683094000C582D /* PBXTargetDependency */ = {
			isa = PBXTargetDependency;
			target = 250FF55F20683094000C582D /* lowlMVC */;
			targetProxy = 250FF57720683094000C582D /* PBXContainerItemProxy */;
		};
		2559A1A920688BA000BB963C /* PBXTargetDependency */ = {
			isa = PBXTargetDependency;
			target = 2559A19D20688BA000BB963C /* lowlCore */;
			targetProxy = 2559A1A820688BA000BB963C /* PBXContainerItemProxy */;
		};
		2559A1AB20688BA000BB963C /* PBXTargetDependency */ = {
			isa = PBXTargetDependency;
			target = 250FF55F20683094000C582D /* lowlMVC */;
			targetProxy = 2559A1AA20688BA000BB963C /* PBXContainerItemProxy */;
		};
		25D4E22620689F8C00A33E67 /* PBXTargetDependency */ = {
			isa = PBXTargetDependency;
			target = 25D4E21F20689F8C00A33E67 /* lowlShared */;
			targetProxy = 25D4E22520689F8C00A33E67 /* PBXContainerItemProxy */;
		};
		25D4E2512068A46B00A33E67 /* PBXTargetDependency */ = {
			isa = PBXTargetDependency;
			target = 25D4E2392068A46A00A33E67 /* lowlMVVM */;
			targetProxy = 25D4E2502068A46B00A33E67 /* PBXContainerItemProxy */;
		};
		25D4E2782068AD2700A33E67 /* PBXTargetDependency */ = {
			isa = PBXTargetDependency;
			target = 25D4E2602068AD2700A33E67 /* lowlViper */;
			targetProxy = 25D4E2772068AD2700A33E67 /* PBXContainerItemProxy */;
		};
		25D4E2872068B18700A33E67 /* PBXTargetDependency */ = {
			isa = PBXTargetDependency;
			target = 25D4E21F20689F8C00A33E67 /* lowlShared */;
			targetProxy = 25D4E2862068B18700A33E67 /* PBXContainerItemProxy */;
		};
		25D4E28C2068B18D00A33E67 /* PBXTargetDependency */ = {
			isa = PBXTargetDependency;
			target = 25D4E21F20689F8C00A33E67 /* lowlShared */;
			targetProxy = 25D4E28B2068B18D00A33E67 /* PBXContainerItemProxy */;
		};
/* End PBXTargetDependency section */

/* Begin PBXVariantGroup section */
		250FF56920683094000C582D /* Main.storyboard */ = {
			isa = PBXVariantGroup;
			children = (
				250FF56A20683094000C582D /* Base */,
			);
			name = Main.storyboard;
			sourceTree = "<group>";
		};
		250FF56E20683094000C582D /* LaunchScreen.storyboard */ = {
			isa = PBXVariantGroup;
			children = (
				250FF56F20683094000C582D /* Base */,
			);
			name = LaunchScreen.storyboard;
			sourceTree = "<group>";
		};
		25D4E2422068A46A00A33E67 /* Main.storyboard */ = {
			isa = PBXVariantGroup;
			children = (
				25D4E2432068A46A00A33E67 /* Base */,
			);
			name = Main.storyboard;
			sourceTree = "<group>";
		};
		25D4E2472068A46A00A33E67 /* LaunchScreen.storyboard */ = {
			isa = PBXVariantGroup;
			children = (
				25D4E2482068A46A00A33E67 /* Base */,
			);
			name = LaunchScreen.storyboard;
			sourceTree = "<group>";
		};
		25D4E2692068AD2700A33E67 /* Main.storyboard */ = {
			isa = PBXVariantGroup;
			children = (
				25D4E26A2068AD2700A33E67 /* Base */,
			);
			name = Main.storyboard;
			sourceTree = "<group>";
		};
		25D4E26E2068AD2700A33E67 /* LaunchScreen.storyboard */ = {
			isa = PBXVariantGroup;
			children = (
				25D4E26F2068AD2700A33E67 /* Base */,
			);
			name = LaunchScreen.storyboard;
			sourceTree = "<group>";
		};
/* End PBXVariantGroup section */

/* Begin XCBuildConfiguration section */
		250FF57D20683094000C582D /* Debug */ = {
			isa = XCBuildConfiguration;
			buildSettings = {
				ALWAYS_SEARCH_USER_PATHS = NO;
				CLANG_ANALYZER_NONNULL = YES;
				CLANG_ANALYZER_NUMBER_OBJECT_CONVERSION = YES_AGGRESSIVE;
				CLANG_CXX_LANGUAGE_STANDARD = "gnu++14";
				CLANG_CXX_LIBRARY = "libc++";
				CLANG_ENABLE_MODULES = YES;
				CLANG_ENABLE_OBJC_ARC = YES;
				CLANG_WARN_BLOCK_CAPTURE_AUTORELEASING = YES;
				CLANG_WARN_BOOL_CONVERSION = YES;
				CLANG_WARN_COMMA = YES;
				CLANG_WARN_CONSTANT_CONVERSION = YES;
				CLANG_WARN_DIRECT_OBJC_ISA_USAGE = YES_ERROR;
				CLANG_WARN_DOCUMENTATION_COMMENTS = YES;
				CLANG_WARN_EMPTY_BODY = YES;
				CLANG_WARN_ENUM_CONVERSION = YES;
				CLANG_WARN_INFINITE_RECURSION = YES;
				CLANG_WARN_INT_CONVERSION = YES;
				CLANG_WARN_NON_LITERAL_NULL_CONVERSION = YES;
				CLANG_WARN_OBJC_LITERAL_CONVERSION = YES;
				CLANG_WARN_OBJC_ROOT_CLASS = YES_ERROR;
				CLANG_WARN_RANGE_LOOP_ANALYSIS = YES;
				CLANG_WARN_STRICT_PROTOTYPES = YES;
				CLANG_WARN_SUSPICIOUS_MOVE = YES;
				CLANG_WARN_UNGUARDED_AVAILABILITY = YES_AGGRESSIVE;
				CLANG_WARN_UNREACHABLE_CODE = YES;
				CLANG_WARN__DUPLICATE_METHOD_MATCH = YES;
				CODE_SIGN_IDENTITY = "iPhone Developer";
				COPY_PHASE_STRIP = NO;
				DEBUG_INFORMATION_FORMAT = dwarf;
				ENABLE_STRICT_OBJC_MSGSEND = YES;
				ENABLE_TESTABILITY = YES;
				GCC_C_LANGUAGE_STANDARD = gnu11;
				GCC_DYNAMIC_NO_PIC = NO;
				GCC_NO_COMMON_BLOCKS = YES;
				GCC_OPTIMIZATION_LEVEL = 0;
				GCC_PREPROCESSOR_DEFINITIONS = (
					"DEBUG=1",
					"$(inherited)",
				);
				GCC_WARN_64_TO_32_BIT_CONVERSION = YES;
				GCC_WARN_ABOUT_RETURN_TYPE = YES_ERROR;
				GCC_WARN_UNDECLARED_SELECTOR = YES;
				GCC_WARN_UNINITIALIZED_AUTOS = YES_AGGRESSIVE;
				GCC_WARN_UNUSED_FUNCTION = YES;
				GCC_WARN_UNUSED_VARIABLE = YES;
				IPHONEOS_DEPLOYMENT_TARGET = 11.2;
				MTL_ENABLE_DEBUG_INFO = YES;
				ONLY_ACTIVE_ARCH = YES;
				SDKROOT = iphoneos;
				SWIFT_ACTIVE_COMPILATION_CONDITIONS = DEBUG;
				SWIFT_OPTIMIZATION_LEVEL = "-Onone";
			};
			name = Debug;
		};
		250FF57E20683094000C582D /* Release */ = {
			isa = XCBuildConfiguration;
			buildSettings = {
				ALWAYS_SEARCH_USER_PATHS = NO;
				CLANG_ANALYZER_NONNULL = YES;
				CLANG_ANALYZER_NUMBER_OBJECT_CONVERSION = YES_AGGRESSIVE;
				CLANG_CXX_LANGUAGE_STANDARD = "gnu++14";
				CLANG_CXX_LIBRARY = "libc++";
				CLANG_ENABLE_MODULES = YES;
				CLANG_ENABLE_OBJC_ARC = YES;
				CLANG_WARN_BLOCK_CAPTURE_AUTORELEASING = YES;
				CLANG_WARN_BOOL_CONVERSION = YES;
				CLANG_WARN_COMMA = YES;
				CLANG_WARN_CONSTANT_CONVERSION = YES;
				CLANG_WARN_DIRECT_OBJC_ISA_USAGE = YES_ERROR;
				CLANG_WARN_DOCUMENTATION_COMMENTS = YES;
				CLANG_WARN_EMPTY_BODY = YES;
				CLANG_WARN_ENUM_CONVERSION = YES;
				CLANG_WARN_INFINITE_RECURSION = YES;
				CLANG_WARN_INT_CONVERSION = YES;
				CLANG_WARN_NON_LITERAL_NULL_CONVERSION = YES;
				CLANG_WARN_OBJC_LITERAL_CONVERSION = YES;
				CLANG_WARN_OBJC_ROOT_CLASS = YES_ERROR;
				CLANG_WARN_RANGE_LOOP_ANALYSIS = YES;
				CLANG_WARN_STRICT_PROTOTYPES = YES;
				CLANG_WARN_SUSPICIOUS_MOVE = YES;
				CLANG_WARN_UNGUARDED_AVAILABILITY = YES_AGGRESSIVE;
				CLANG_WARN_UNREACHABLE_CODE = YES;
				CLANG_WARN__DUPLICATE_METHOD_MATCH = YES;
				CODE_SIGN_IDENTITY = "iPhone Developer";
				COPY_PHASE_STRIP = NO;
				DEBUG_INFORMATION_FORMAT = "dwarf-with-dsym";
				ENABLE_NS_ASSERTIONS = NO;
				ENABLE_STRICT_OBJC_MSGSEND = YES;
				GCC_C_LANGUAGE_STANDARD = gnu11;
				GCC_NO_COMMON_BLOCKS = YES;
				GCC_WARN_64_TO_32_BIT_CONVERSION = YES;
				GCC_WARN_ABOUT_RETURN_TYPE = YES_ERROR;
				GCC_WARN_UNDECLARED_SELECTOR = YES;
				GCC_WARN_UNINITIALIZED_AUTOS = YES_AGGRESSIVE;
				GCC_WARN_UNUSED_FUNCTION = YES;
				GCC_WARN_UNUSED_VARIABLE = YES;
				IPHONEOS_DEPLOYMENT_TARGET = 11.2;
				MTL_ENABLE_DEBUG_INFO = NO;
				SDKROOT = iphoneos;
				SWIFT_OPTIMIZATION_LEVEL = "-Owholemodule";
				VALIDATE_PRODUCT = YES;
			};
			name = Release;
		};
		250FF58020683094000C582D /* Debug */ = {
			isa = XCBuildConfiguration;
			buildSettings = {
				ALWAYS_EMBED_SWIFT_STANDARD_LIBRARIES = YES;
				ASSETCATALOG_COMPILER_APPICON_NAME = AppIcon;
				CODE_SIGN_STYLE = Automatic;
				INFOPLIST_FILE = "$(SRCROOT)/lowlMVC/Info.plist";
				LD_RUNPATH_SEARCH_PATHS = "$(inherited) @executable_path/Frameworks";
				PRODUCT_BUNDLE_IDENTIFIER = com.denverios.lowlmvc;
				PRODUCT_NAME = "$(TARGET_NAME)";
				SWIFT_VERSION = 4.0;
				TARGETED_DEVICE_FAMILY = "1,2";
			};
			name = Debug;
		};
		250FF58120683094000C582D /* Release */ = {
			isa = XCBuildConfiguration;
			buildSettings = {
				ALWAYS_EMBED_SWIFT_STANDARD_LIBRARIES = YES;
				ASSETCATALOG_COMPILER_APPICON_NAME = AppIcon;
				CODE_SIGN_STYLE = Automatic;
				INFOPLIST_FILE = "$(SRCROOT)/lowlMVC/Info.plist";
				LD_RUNPATH_SEARCH_PATHS = "$(inherited) @executable_path/Frameworks";
				PRODUCT_BUNDLE_IDENTIFIER = com.denverios.lowlmvc;
				PRODUCT_NAME = "$(TARGET_NAME)";
				SWIFT_VERSION = 4.0;
				TARGETED_DEVICE_FAMILY = "1,2";
			};
			name = Release;
		};
		250FF58320683094000C582D /* Debug */ = {
			isa = XCBuildConfiguration;
			buildSettings = {
				ALWAYS_EMBED_SWIFT_STANDARD_LIBRARIES = YES;
				BUNDLE_LOADER = "$(TEST_HOST)";
				CODE_SIGN_STYLE = Automatic;
				INFOPLIST_FILE = lowlTests/Info.plist;
				LD_RUNPATH_SEARCH_PATHS = "$(inherited) @executable_path/Frameworks @loader_path/Frameworks";
				PRODUCT_BUNDLE_IDENTIFIER = com.denverios.lowlTests;
				PRODUCT_NAME = "$(TARGET_NAME)";
				SWIFT_VERSION = 4.0;
				TARGETED_DEVICE_FAMILY = "1,2";
				TEST_HOST = "$(BUILT_PRODUCTS_DIR)/lowl.app/lowl";
			};
			name = Debug;
		};
		250FF58420683094000C582D /* Release */ = {
			isa = XCBuildConfiguration;
			buildSettings = {
				ALWAYS_EMBED_SWIFT_STANDARD_LIBRARIES = YES;
				BUNDLE_LOADER = "$(TEST_HOST)";
				CODE_SIGN_STYLE = Automatic;
				INFOPLIST_FILE = lowlTests/Info.plist;
				LD_RUNPATH_SEARCH_PATHS = "$(inherited) @executable_path/Frameworks @loader_path/Frameworks";
				PRODUCT_BUNDLE_IDENTIFIER = com.denverios.lowlTests;
				PRODUCT_NAME = "$(TARGET_NAME)";
				SWIFT_VERSION = 4.0;
				TARGETED_DEVICE_FAMILY = "1,2";
				TEST_HOST = "$(BUILT_PRODUCTS_DIR)/lowl.app/lowl";
			};
			name = Release;
		};
		2559A1B620688BA000BB963C /* Debug */ = {
			isa = XCBuildConfiguration;
			buildSettings = {
				CODE_SIGN_IDENTITY = "";
				CODE_SIGN_STYLE = Automatic;
				CURRENT_PROJECT_VERSION = 1;
				DEFINES_MODULE = YES;
				DYLIB_COMPATIBILITY_VERSION = 1;
				DYLIB_CURRENT_VERSION = 1;
				DYLIB_INSTALL_NAME_BASE = "@rpath";
				INFOPLIST_FILE = lowlCore/Info.plist;
				INSTALL_PATH = "$(LOCAL_LIBRARY_DIR)/Frameworks";
				LD_RUNPATH_SEARCH_PATHS = "$(inherited) @executable_path/Frameworks @loader_path/Frameworks";
				PRODUCT_BUNDLE_IDENTIFIER = com.denverios.lowlCore;
				PRODUCT_NAME = "$(TARGET_NAME:c99extidentifier)";
				SKIP_INSTALL = YES;
				SWIFT_VERSION = 4.0;
				TARGETED_DEVICE_FAMILY = "1,2";
				VERSIONING_SYSTEM = "apple-generic";
				VERSION_INFO_PREFIX = "";
			};
			name = Debug;
		};
		2559A1B720688BA000BB963C /* Release */ = {
			isa = XCBuildConfiguration;
			buildSettings = {
				CODE_SIGN_IDENTITY = "";
				CODE_SIGN_STYLE = Automatic;
				CURRENT_PROJECT_VERSION = 1;
				DEFINES_MODULE = YES;
				DYLIB_COMPATIBILITY_VERSION = 1;
				DYLIB_CURRENT_VERSION = 1;
				DYLIB_INSTALL_NAME_BASE = "@rpath";
				INFOPLIST_FILE = lowlCore/Info.plist;
				INSTALL_PATH = "$(LOCAL_LIBRARY_DIR)/Frameworks";
				LD_RUNPATH_SEARCH_PATHS = "$(inherited) @executable_path/Frameworks @loader_path/Frameworks";
				PRODUCT_BUNDLE_IDENTIFIER = com.denverios.lowlCore;
				PRODUCT_NAME = "$(TARGET_NAME:c99extidentifier)";
				SKIP_INSTALL = YES;
				SWIFT_VERSION = 4.0;
				TARGETED_DEVICE_FAMILY = "1,2";
				VERSIONING_SYSTEM = "apple-generic";
				VERSION_INFO_PREFIX = "";
			};
			name = Release;
		};
		2559A1BA20688BA000BB963C /* Debug */ = {
			isa = XCBuildConfiguration;
			buildSettings = {
				ALWAYS_EMBED_SWIFT_STANDARD_LIBRARIES = YES;
				CODE_SIGN_STYLE = Automatic;
				INFOPLIST_FILE = lowlCoreTests/Info.plist;
				LD_RUNPATH_SEARCH_PATHS = "$(inherited) @executable_path/Frameworks @loader_path/Frameworks";
				PRODUCT_BUNDLE_IDENTIFIER = com.denverios.lowlCoreTests;
				PRODUCT_NAME = "$(TARGET_NAME)";
				SWIFT_VERSION = 4.0;
				TARGETED_DEVICE_FAMILY = "1,2";
				TEST_HOST = "$(BUILT_PRODUCTS_DIR)/lowl.app/lowl";
			};
			name = Debug;
		};
		2559A1BB20688BA000BB963C /* Release */ = {
			isa = XCBuildConfiguration;
			buildSettings = {
				ALWAYS_EMBED_SWIFT_STANDARD_LIBRARIES = YES;
				CODE_SIGN_STYLE = Automatic;
				INFOPLIST_FILE = lowlCoreTests/Info.plist;
				LD_RUNPATH_SEARCH_PATHS = "$(inherited) @executable_path/Frameworks @loader_path/Frameworks";
				PRODUCT_BUNDLE_IDENTIFIER = com.denverios.lowlCoreTests;
				PRODUCT_NAME = "$(TARGET_NAME)";
				SWIFT_VERSION = 4.0;
				TARGETED_DEVICE_FAMILY = "1,2";
				TEST_HOST = "$(BUILT_PRODUCTS_DIR)/lowl.app/lowl";
			};
			name = Release;
		};
		25D4E22A20689F8C00A33E67 /* Debug */ = {
			isa = XCBuildConfiguration;
			buildSettings = {
				CODE_SIGN_IDENTITY = "";
				CODE_SIGN_STYLE = Automatic;
				CURRENT_PROJECT_VERSION = 1;
				DEFINES_MODULE = YES;
				DYLIB_COMPATIBILITY_VERSION = 1;
				DYLIB_CURRENT_VERSION = 1;
				DYLIB_INSTALL_NAME_BASE = "@rpath";
				INFOPLIST_FILE = lowlShared/Info.plist;
				INSTALL_PATH = "$(LOCAL_LIBRARY_DIR)/Frameworks";
				LD_RUNPATH_SEARCH_PATHS = "$(inherited) @executable_path/Frameworks @loader_path/Frameworks";
				PRODUCT_BUNDLE_IDENTIFIER = com.denverios.lowlShared;
				PRODUCT_NAME = "$(TARGET_NAME:c99extidentifier)";
				SKIP_INSTALL = YES;
				SWIFT_VERSION = 4.0;
				TARGETED_DEVICE_FAMILY = "1,2";
				VERSIONING_SYSTEM = "apple-generic";
				VERSION_INFO_PREFIX = "";
			};
			name = Debug;
		};
		25D4E22B20689F8C00A33E67 /* Release */ = {
			isa = XCBuildConfiguration;
			buildSettings = {
				CODE_SIGN_IDENTITY = "";
				CODE_SIGN_STYLE = Automatic;
				CURRENT_PROJECT_VERSION = 1;
				DEFINES_MODULE = YES;
				DYLIB_COMPATIBILITY_VERSION = 1;
				DYLIB_CURRENT_VERSION = 1;
				DYLIB_INSTALL_NAME_BASE = "@rpath";
				INFOPLIST_FILE = lowlShared/Info.plist;
				INSTALL_PATH = "$(LOCAL_LIBRARY_DIR)/Frameworks";
				LD_RUNPATH_SEARCH_PATHS = "$(inherited) @executable_path/Frameworks @loader_path/Frameworks";
				PRODUCT_BUNDLE_IDENTIFIER = com.denverios.lowlShared;
				PRODUCT_NAME = "$(TARGET_NAME:c99extidentifier)";
				SKIP_INSTALL = YES;
				SWIFT_VERSION = 4.0;
				TARGETED_DEVICE_FAMILY = "1,2";
				VERSIONING_SYSTEM = "apple-generic";
				VERSION_INFO_PREFIX = "";
			};
			name = Release;
		};
		25D4E2572068A46B00A33E67 /* Debug */ = {
			isa = XCBuildConfiguration;
			buildSettings = {
				ALWAYS_EMBED_SWIFT_STANDARD_LIBRARIES = YES;
				ASSETCATALOG_COMPILER_APPICON_NAME = AppIcon;
				CODE_SIGN_STYLE = Automatic;
				INFOPLIST_FILE = lowlMVVM/Info.plist;
				LD_RUNPATH_SEARCH_PATHS = "$(inherited) @executable_path/Frameworks";
				PRODUCT_BUNDLE_IDENTIFIER = com.denverios.lowlmvvm;
				PRODUCT_NAME = "$(TARGET_NAME)";
				SWIFT_VERSION = 4.0;
				TARGETED_DEVICE_FAMILY = "1,2";
			};
			name = Debug;
		};
		25D4E2582068A46B00A33E67 /* Release */ = {
			isa = XCBuildConfiguration;
			buildSettings = {
				ALWAYS_EMBED_SWIFT_STANDARD_LIBRARIES = YES;
				ASSETCATALOG_COMPILER_APPICON_NAME = AppIcon;
				CODE_SIGN_STYLE = Automatic;
				INFOPLIST_FILE = lowlMVVM/Info.plist;
				LD_RUNPATH_SEARCH_PATHS = "$(inherited) @executable_path/Frameworks";
				PRODUCT_BUNDLE_IDENTIFIER = com.denverios.lowlmvvm;
				PRODUCT_NAME = "$(TARGET_NAME)";
				SWIFT_VERSION = 4.0;
				TARGETED_DEVICE_FAMILY = "1,2";
			};
			name = Release;
		};
		25D4E25A2068A46B00A33E67 /* Debug */ = {
			isa = XCBuildConfiguration;
			buildSettings = {
				ALWAYS_EMBED_SWIFT_STANDARD_LIBRARIES = YES;
				BUNDLE_LOADER = "$(TEST_HOST)";
				CODE_SIGN_STYLE = Automatic;
				INFOPLIST_FILE = lowlMVVMTests/Info.plist;
				LD_RUNPATH_SEARCH_PATHS = "$(inherited) @executable_path/Frameworks @loader_path/Frameworks";
				PRODUCT_BUNDLE_IDENTIFIER = com.denverios.lowlMVVMTests;
				PRODUCT_NAME = "$(TARGET_NAME)";
				SWIFT_VERSION = 4.0;
				TARGETED_DEVICE_FAMILY = "1,2";
				TEST_HOST = "$(BUILT_PRODUCTS_DIR)/lowlMVVM.app/lowlMVVM";
			};
			name = Debug;
		};
		25D4E25B2068A46B00A33E67 /* Release */ = {
			isa = XCBuildConfiguration;
			buildSettings = {
				ALWAYS_EMBED_SWIFT_STANDARD_LIBRARIES = YES;
				BUNDLE_LOADER = "$(TEST_HOST)";
				CODE_SIGN_STYLE = Automatic;
				INFOPLIST_FILE = lowlMVVMTests/Info.plist;
				LD_RUNPATH_SEARCH_PATHS = "$(inherited) @executable_path/Frameworks @loader_path/Frameworks";
				PRODUCT_BUNDLE_IDENTIFIER = com.denverios.lowlMVVMTests;
				PRODUCT_NAME = "$(TARGET_NAME)";
				SWIFT_VERSION = 4.0;
				TARGETED_DEVICE_FAMILY = "1,2";
				TEST_HOST = "$(BUILT_PRODUCTS_DIR)/lowlMVVM.app/lowlMVVM";
			};
			name = Release;
		};
		25D4E27E2068AD2700A33E67 /* Debug */ = {
			isa = XCBuildConfiguration;
			buildSettings = {
				ALWAYS_EMBED_SWIFT_STANDARD_LIBRARIES = YES;
				ASSETCATALOG_COMPILER_APPICON_NAME = AppIcon;
				CODE_SIGN_STYLE = Automatic;
				INFOPLIST_FILE = lowlViper/Info.plist;
				LD_RUNPATH_SEARCH_PATHS = "$(inherited) @executable_path/Frameworks";
				PRODUCT_BUNDLE_IDENTIFIER = com.denverios.lowlviper;
				PRODUCT_NAME = "$(TARGET_NAME)";
				SWIFT_VERSION = 4.0;
				TARGETED_DEVICE_FAMILY = "1,2";
			};
			name = Debug;
		};
		25D4E27F2068AD2700A33E67 /* Release */ = {
			isa = XCBuildConfiguration;
			buildSettings = {
				ALWAYS_EMBED_SWIFT_STANDARD_LIBRARIES = YES;
				ASSETCATALOG_COMPILER_APPICON_NAME = AppIcon;
				CODE_SIGN_STYLE = Automatic;
				INFOPLIST_FILE = lowlViper/Info.plist;
				LD_RUNPATH_SEARCH_PATHS = "$(inherited) @executable_path/Frameworks";
				PRODUCT_BUNDLE_IDENTIFIER = com.denverios.lowlviper;
				PRODUCT_NAME = "$(TARGET_NAME)";
				SWIFT_VERSION = 4.0;
				TARGETED_DEVICE_FAMILY = "1,2";
			};
			name = Release;
		};
		25D4E2812068AD2700A33E67 /* Debug */ = {
			isa = XCBuildConfiguration;
			buildSettings = {
				ALWAYS_EMBED_SWIFT_STANDARD_LIBRARIES = YES;
				BUNDLE_LOADER = "$(TEST_HOST)";
				CODE_SIGN_STYLE = Automatic;
				INFOPLIST_FILE = lowlViperTests/Info.plist;
				LD_RUNPATH_SEARCH_PATHS = "$(inherited) @executable_path/Frameworks @loader_path/Frameworks";
				PRODUCT_BUNDLE_IDENTIFIER = com.denverios.lowlViperTests;
				PRODUCT_NAME = "$(TARGET_NAME)";
				SWIFT_VERSION = 4.0;
				TARGETED_DEVICE_FAMILY = "1,2";
				TEST_HOST = "$(BUILT_PRODUCTS_DIR)/lowlViper.app/lowlViper";
			};
			name = Debug;
		};
		25D4E2822068AD2700A33E67 /* Release */ = {
			isa = XCBuildConfiguration;
			buildSettings = {
				ALWAYS_EMBED_SWIFT_STANDARD_LIBRARIES = YES;
				BUNDLE_LOADER = "$(TEST_HOST)";
				CODE_SIGN_STYLE = Automatic;
				INFOPLIST_FILE = lowlViperTests/Info.plist;
				LD_RUNPATH_SEARCH_PATHS = "$(inherited) @executable_path/Frameworks @loader_path/Frameworks";
				PRODUCT_BUNDLE_IDENTIFIER = com.denverios.lowlViperTests;
				PRODUCT_NAME = "$(TARGET_NAME)";
				SWIFT_VERSION = 4.0;
				TARGETED_DEVICE_FAMILY = "1,2";
				TEST_HOST = "$(BUILT_PRODUCTS_DIR)/lowlViper.app/lowlViper";
			};
			name = Release;
		};
/* End XCBuildConfiguration section */

/* Begin XCConfigurationList section */
		250FF55B20683094000C582D /* Build configuration list for PBXProject "Lowl" */ = {
			isa = XCConfigurationList;
			buildConfigurations = (
				250FF57D20683094000C582D /* Debug */,
				250FF57E20683094000C582D /* Release */,
			);
			defaultConfigurationIsVisible = 0;
			defaultConfigurationName = Release;
		};
		250FF57F20683094000C582D /* Build configuration list for PBXNativeTarget "lowlMVC" */ = {
			isa = XCConfigurationList;
			buildConfigurations = (
				250FF58020683094000C582D /* Debug */,
				250FF58120683094000C582D /* Release */,
			);
			defaultConfigurationIsVisible = 0;
			defaultConfigurationName = Release;
		};
		250FF58220683094000C582D /* Build configuration list for PBXNativeTarget "lowlTests" */ = {
			isa = XCConfigurationList;
			buildConfigurations = (
				250FF58320683094000C582D /* Debug */,
				250FF58420683094000C582D /* Release */,
			);
			defaultConfigurationIsVisible = 0;
			defaultConfigurationName = Release;
		};
		2559A1B520688BA000BB963C /* Build configuration list for PBXNativeTarget "lowlCore" */ = {
			isa = XCConfigurationList;
			buildConfigurations = (
				2559A1B620688BA000BB963C /* Debug */,
				2559A1B720688BA000BB963C /* Release */,
			);
			defaultConfigurationIsVisible = 0;
			defaultConfigurationName = Release;
		};
		2559A1B920688BA000BB963C /* Build configuration list for PBXNativeTarget "lowlCoreTests" */ = {
			isa = XCConfigurationList;
			buildConfigurations = (
				2559A1BA20688BA000BB963C /* Debug */,
				2559A1BB20688BA000BB963C /* Release */,
			);
			defaultConfigurationIsVisible = 0;
			defaultConfigurationName = Release;
		};
		25D4E22920689F8C00A33E67 /* Build configuration list for PBXNativeTarget "lowlShared" */ = {
			isa = XCConfigurationList;
			buildConfigurations = (
				25D4E22A20689F8C00A33E67 /* Debug */,
				25D4E22B20689F8C00A33E67 /* Release */,
			);
			defaultConfigurationIsVisible = 0;
			defaultConfigurationName = Release;
		};
		25D4E2562068A46B00A33E67 /* Build configuration list for PBXNativeTarget "lowlMVVM" */ = {
			isa = XCConfigurationList;
			buildConfigurations = (
				25D4E2572068A46B00A33E67 /* Debug */,
				25D4E2582068A46B00A33E67 /* Release */,
			);
			defaultConfigurationIsVisible = 0;
			defaultConfigurationName = Release;
		};
		25D4E2592068A46B00A33E67 /* Build configuration list for PBXNativeTarget "lowlMVVMTests" */ = {
			isa = XCConfigurationList;
			buildConfigurations = (
				25D4E25A2068A46B00A33E67 /* Debug */,
				25D4E25B2068A46B00A33E67 /* Release */,
			);
			defaultConfigurationIsVisible = 0;
			defaultConfigurationName = Release;
		};
		25D4E27D2068AD2700A33E67 /* Build configuration list for PBXNativeTarget "lowlViper" */ = {
			isa = XCConfigurationList;
			buildConfigurations = (
				25D4E27E2068AD2700A33E67 /* Debug */,
				25D4E27F2068AD2700A33E67 /* Release */,
			);
			defaultConfigurationIsVisible = 0;
			defaultConfigurationName = Release;
		};
		25D4E2802068AD2700A33E67 /* Build configuration list for PBXNativeTarget "lowlViperTests" */ = {
			isa = XCConfigurationList;
			buildConfigurations = (
				25D4E2812068AD2700A33E67 /* Debug */,
				25D4E2822068AD2700A33E67 /* Release */,
			);
			defaultConfigurationIsVisible = 0;
			defaultConfigurationName = Release;
		};
/* End XCConfigurationList section */
	};
	rootObject = 250FF55820683094000C582D /* Project object */;
}
